{
	"name": "@tkey/web-storage",
	"version": "1.1.2",
	"lockfileVersion": 1,
	"requires": true,
	"dependencies": {
		"@types/filesystem": {
			"version": "0.0.29",
			"resolved": "https://registry.npmjs.org/@types/filesystem/-/filesystem-0.0.29.tgz",
			"integrity": "sha512-85/1KfRedmfPGsbK8YzeaQUyV1FQAvMPMTuWFQ5EkLd2w7szhNO96bk3Rh/SKmOfd9co2rCLf0Voy4o7ECBOvw==",
			"dev": true,
			"requires": {
				"@types/filewriter": "*"
			}
		},
		"@types/filewriter": {
			"version": "0.0.28",
			"resolved": "https://registry.npmjs.org/@types/filewriter/-/filewriter-0.0.28.tgz",
			"integrity": "sha1-wFTor02d11205jq8dviFFocU1LM=",
			"dev": true
		},
		"bn.js": {
			"version": "5.1.3",
			"resolved": "https://registry.npmjs.org/bn.js/-/bn.js-5.1.3.tgz",
			"integrity": "sha512-GkTiFpjFtUzU9CbMeJ5iazkCzGL3jrhzerzZIuqLABjbwRaFt33I9tUdSNryIptM+RxDet6OKm2WnLXzW51KsQ=="
		}
	}
}
