# THIS IS AN AUTOGENERATED FILE. DO NOT EDIT THIS FILE DIRECTLY.
# yarn lockfile v1


"@types/bn.js@^5.1.0":
  version "5.1.0"
  resolved "https://registry.yarnpkg.com/@types/bn.js/-/bn.js-5.1.0.tgz#32c5d271503a12653c62cf4d2b45e6eab8cebc68"
  integrity sha512-QSSVYj7pYFN49kW77o2s9xTCwZ8F2xLbjLLSEVh8D2F4JUhZtPAGOFLTD+ffqksBx/u4cE/KImFjyhqCjn/LIA==
  dependencies:
    "@types/node" "*"

"@types/filesystem@^0.0.30":
  version "0.0.30"
  resolved "https://registry.yarnpkg.com/@types/filesystem/-/filesystem-0.0.30.tgz#a7373a2edf34d13e298baf7ee1101f738b2efb7e"
  integrity sha512-NCoRgmGmLpTT9VFL6Bb6z0jQuqI3d0E5FGl7M0JOv/J5RQYo9s5aOItPYnpckx9MbYQk1APLXcF8f20Vqnf2yA==
  dependencies:
    "@types/filewriter" "*"

"@types/filewriter@*":
  version "0.0.29"
  resolved "https://registry.yarnpkg.com/@types/filewriter/-/filewriter-0.0.29.tgz#a48795ecadf957f6c0d10e0c34af86c098fa5bee"
  integrity sha512-BsPXH/irW0ht0Ji6iw/jJaK8Lj3FJemon2gvEqHKpCdDCeemHa+rI3WBGq5z7cDMZgoLjY40oninGxqk+8NzNQ==

"@types/node@*":
  version "16.10.9"
  resolved "https://registry.yarnpkg.com/@types/node/-/node-16.10.9.tgz#8f1cdd517972f76a3b928298f4c0747cd6fef25a"
  integrity sha512-H9ReOt+yqIJPCutkTYjFjlyK6WEMQYT9hLZMlWtOjFQY2ItppsWZ6RJf8Aw+jz5qTYceuHvFgPIaKOHtLAEWBw==

bn.js@^5.2.0:
  version "5.2.0"
  resolved "https://registry.yarnpkg.com/bn.js/-/bn.js-5.2.0.tgz#358860674396c6997771a9d051fcc1b57d4ae002"
  integrity sha512-D7iWRBvnZE8ecXiLj/9wbxH7Tk79fAh8IHaTNq1RWRixsS02W+5qS+iE9yq6RYl0asXx5tw0bLhmT5pIfbSquw==
