{
	"name": "@tkey/chrome-storage",
	"version": "1.1.2",
	"lockfileVersion": 1,
	"requires": true,
	"dependencies": {
		"@types/chrome": {
			"version": "0.0.124",
			"resolved": "https://registry.npmjs.org/@types/chrome/-/chrome-0.0.124.tgz",
			"integrity": "sha512-0UmDQ6A9gaahvztKryIonSTyUMEhuhKNyyJAnBB7ZJN/YXP7YRkL4onPFSTxnIbXcMnYsQFo8TxsGP8jY2mdEw==",
			"dev": true,
			"requires": {
				"@types/filesystem": "*",
				"@types/har-format": "*"
			}
		},
		"@types/filesystem": {
			"version": "0.0.29",
			"resolved": "https://registry.npmjs.org/@types/filesystem/-/filesystem-0.0.29.tgz",
			"integrity": "sha512-85/1KfRedmfPGsbK8YzeaQUyV1FQAvMPMTuWFQ5EkLd2w7szhNO96bk3Rh/SKmOfd9co2rCLf0Voy4o7ECBOvw==",
			"dev": true,
			"requires": {
				"@types/filewriter": "*"
			}
		},
		"@types/filewriter": {
			"version": "0.0.28",
			"resolved": "https://registry.npmjs.org/@types/filewriter/-/filewriter-0.0.28.tgz",
			"integrity": "sha1-wFTor02d11205jq8dviFFocU1LM=",
			"dev": true
		},
		"@types/har-format": {
			"version": "1.2.4",
			"resolved": "https://registry.npmjs.org/@types/har-format/-/har-format-1.2.4.tgz",
			"integrity": "sha512-iUxzm1meBm3stxUMzRqgOVHjj4Kgpgu5w9fm4X7kPRfSgVRzythsucEN7/jtOo8SQzm+HfcxWWzJS0mJDH/3DQ==",
			"dev": true
		}
	}
}
