# THIS IS AN AUTOGENERATED FILE. DO NOT EDIT THIS FILE DIRECTLY.
# yarn lockfile v1


"@types/chrome@^0.0.135":
  version "0.0.135"
  resolved "https://registry.yarnpkg.com/@types/chrome/-/chrome-0.0.135.tgz#a4dc6dbdc68b3f7d04b24f04d0ca5c803392b72f"
  integrity sha512-SczB5P5mIgQWHAeiimlYg5VFvuQKCw4Q5cAzVD7II1Czf4U0222jb3mTHUd1qM0BRJ/kPtzybBde+Zy2sdx/LA==
  dependencies:
    "@types/filesystem" "*"
    "@types/har-format" "*"

"@types/filesystem@*":
  version "0.0.30"
  resolved "https://registry.yarnpkg.com/@types/filesystem/-/filesystem-0.0.30.tgz#a7373a2edf34d13e298baf7ee1101f738b2efb7e"
  integrity sha512-NCoRgmGmLpTT9VFL6Bb6z0jQuqI3d0E5FGl7M0JOv/J5RQYo9s5aOItPYnpckx9MbYQk1APLXcF8f20Vqnf2yA==
  dependencies:
    "@types/filewriter" "*"

"@types/filewriter@*":
  version "0.0.29"
  resolved "https://registry.yarnpkg.com/@types/filewriter/-/filewriter-0.0.29.tgz#a48795ecadf957f6c0d10e0c34af86c098fa5bee"
  integrity sha512-BsPXH/irW0ht0Ji6iw/jJaK8Lj3FJemon2gvEqHKpCdDCeemHa+rI3WBGq5z7cDMZgoLjY40oninGxqk+8NzNQ==

"@types/har-format@*":
  version "1.2.6"
  resolved "https://registry.yarnpkg.com/@types/har-format/-/har-format-1.2.6.tgz#471c83acdf6a2ea429620daee4c6dc1784a0e85f"
  integrity sha512-TeZjp4COiAWPOeGx1tuFJETr/SBMx80lxqeqnCC36ZVn463f7ElCdA3X9RzDuo3BHjhN4apw41A5uoIw5FzgWA==

webextension-polyfill-ts@^0.25.0:
  version "0.25.0"
  resolved "https://registry.yarnpkg.com/webextension-polyfill-ts/-/webextension-polyfill-ts-0.25.0.tgz#fff041626365dbd0e29c40b197e989a55ec221ca"
  integrity sha512-ikQhwwHYkpBu00pFaUzIKY26I6L87DeRI+Q6jBT1daZUNuu8dSrg5U9l/ZbqdaQ1M/TTSPKeAa3kolP5liuedw==
  dependencies:
    webextension-polyfill "^0.7.0"

webextension-polyfill@^0.7.0:
  version "0.7.0"
  resolved "https://registry.yarnpkg.com/webextension-polyfill/-/webextension-polyfill-0.7.0.tgz#0df1120ff0266056319ce1a622b09ad8d4a56505"
  integrity sha512-su48BkMLxqzTTvPSE1eWxKToPS2Tv5DLGxKexLEVpwFd6Po6N8hhSLIvG6acPAg7qERoEaDL+Y5HQJeJeml5Aw==
