# THIS IS AN AUTOGENERATED FILE. DO NOT EDIT THIS FILE DIRECTLY.
# yarn lockfile v1


"@types/chrome@^0.0.133":
  version "0.0.133"
  resolved "https://registry.yarnpkg.com/@types/chrome/-/chrome-0.0.133.tgz#9e1d55441584ba2d5274ca84db36427da9c5dc6e"
  integrity sha512-G8uIUdaCTBILprQvQXBWGXZxjAWbkCkFQit17cdH3zYQEwU8f/etNl8+M7e8MRz9Xj8daHaVpysneMZMx8/ldQ==
  dependencies:
    "@types/filesystem" "*"
    "@types/har-format" "*"

"@types/filesystem@*":
  version "0.0.30"
  resolved "https://registry.yarnpkg.com/@types/filesystem/-/filesystem-0.0.30.tgz#a7373a2edf34d13e298baf7ee1101f738b2efb7e"
  integrity sha512-NCoRgmGmLpTT9VFL6Bb6z0jQuqI3d0E5FGl7M0JOv/J5RQYo9s5aOItPYnpckx9MbYQk1APLXcF8f20Vqnf2yA==
  dependencies:
    "@types/filewriter" "*"

"@types/filewriter@*":
  version "0.0.29"
  resolved "https://registry.yarnpkg.com/@types/filewriter/-/filewriter-0.0.29.tgz#a48795ecadf957f6c0d10e0c34af86c098fa5bee"
  integrity sha512-BsPXH/irW0ht0Ji6iw/jJaK8Lj3FJemon2gvEqHKpCdDCeemHa+rI3WBGq5z7cDMZgoLjY40oninGxqk+8NzNQ==

"@types/har-format@*":
  version "1.2.5"
  resolved "https://registry.yarnpkg.com/@types/har-format/-/har-format-1.2.5.tgz#4f6648814d0fdcb6a510e3364a9db439a753c4b1"
  integrity sha512-IG8AE1m2pWtPqQ7wXhFhy6Q59bwwnLwO36v5Rit2FrbXCIp8Sk8E2PfUCreyrdo17STwFSKDAkitVuVYbpEHvQ==

webextension-polyfill-ts@^0.25.0:
  version "0.25.0"
  resolved "https://registry.yarnpkg.com/webextension-polyfill-ts/-/webextension-polyfill-ts-0.25.0.tgz#fff041626365dbd0e29c40b197e989a55ec221ca"
  integrity sha512-ikQhwwHYkpBu00pFaUzIKY26I6L87DeRI+Q6jBT1daZUNuu8dSrg5U9l/ZbqdaQ1M/TTSPKeAa3kolP5liuedw==
  dependencies:
    webextension-polyfill "^0.7.0"

webextension-polyfill@^0.7.0:
  version "0.7.0"
  resolved "https://registry.yarnpkg.com/webextension-polyfill/-/webextension-polyfill-0.7.0.tgz#0df1120ff0266056319ce1a622b09ad8d4a56505"
  integrity sha512-su48BkMLxqzTTvPSE1eWxKToPS2Tv5DLGxKexLEVpwFd6Po6N8hhSLIvG6acPAg7qERoEaDL+Y5HQJeJeml5Aw==
