{
	"name": "@tkey/private-keys",
	"version": "2.0.0",
	"lockfileVersion": 1,
	"requires": true,
	"dependencies": {
		"bn.js": {
			"version": "5.1.3",
			"resolved": "https://registry.npmjs.org/bn.js/-/bn.js-5.1.3.tgz",
			"integrity": "sha512-GkTiFpjFtUzU9CbMeJ5iazkCzGL3jrhzerzZIuqLABjbwRaFt33I9tUdSNryIptM+RxDet6OKm2WnLXzW51KsQ=="
		}
	}
}
